
Microsoft Visual Studio Solution File, Format Version 12.00
# Visual Studio Version 16
VisualStudioVersion = 16.0.31205.134
MinimumVisualStudioVersion = 10.0.40219.1
Project("{9A19103F-16F7-4668-BE54-9A1E7A4F7556}") = "FilmAdvice.WebApi", "FilmAdvice.WebApi\FilmAdvice.WebApi.csproj", "{899E5B07-D72C-4C2A-AA7E-9F3EEB654D6D}"
EndProject
Project("{9A19103F-16F7-4668-BE54-9A1E7A4F7556}") = "FilmAdvice.Entities", "FilmAdvice.Entities\FilmAdvice.Entities.csproj", "{1FD1291F-DACA-478A-8DA2-601A88C6F031}"
EndProject
Project("{9A19103F-16F7-4668-BE54-9A1E7A4F7556}") = "FilmAdvice.Business", "FilmAdvice.Business\FilmAdvice.Business.csproj", "{03CB0E87-BC9B-4198-BF11-B4EE8C537B67}"
EndProject
Project("{9A19103F-16F7-4668-BE54-9A1E7A4F7556}") = "FilmAdvice.Repository", "FilmAdvice.Repository\FilmAdvice.Repository.csproj", "{715CEC37-D51A-4C16-ABB8-282754A28D8F}"
EndProject
Project("{9A19103F-16F7-4668-BE54-9A1E7A4F7556}") = "FilmAdvice.Domain", "FilmAdvice.Domain\FilmAdvice.Domain.csproj", "{5CF5FF8F-467E-4481-9ADD-4EFB4A084386}"
EndProject
Project("{FAE04EC0-301F-11D3-BF4B-00C04F79EFBC}") = "FilmAdvice.Core", "FilmAdvice.Core\FilmAdvice.Core.csproj", "{B432C28E-0964-4452-9998-1BA80A683363}"
EndProject
Project("{FAE04EC0-301F-11D3-BF4B-00C04F79EFBC}") = "FilmAdvice.Batch", "FilmAdvice.Batch\FilmAdvice.Batch.csproj", "{C136E150-4ACE-4B74-99F1-936C1D577852}"
EndProject
Project("{FAE04EC0-301F-11D3-BF4B-00C04F79EFBC}") = "FilmAdvice.ApiClient", "FilmAdvice.ApiClient\FilmAdvice.ApiClient.csproj", "{D311AF58-02C6-49CF-B8CE-0DA12D4310B6}"
EndProject
Global
	GlobalSection(SolutionConfigurationPlatforms) = preSolution
		Debug|Any CPU = Debug|Any CPU
		Release|Any CPU = Release|Any CPU
	EndGlobalSection
	GlobalSection(ProjectConfigurationPlatforms) = postSolution
		{899E5B07-D72C-4C2A-AA7E-9F3EEB654D6D}.Debug|Any CPU.ActiveCfg = Debug|Any CPU
		{899E5B07-D72C-4C2A-AA7E-9F3EEB654D6D}.Debug|Any CPU.Build.0 = Debug|Any CPU
		{899E5B07-D72C-4C2A-AA7E-9F3EEB654D6D}.Release|Any CPU.ActiveCfg = Release|Any CPU
		{899E5B07-D72C-4C2A-AA7E-9F3EEB654D6D}.Release|Any CPU.Build.0 = Release|Any CPU
		{1FD1291F-DACA-478A-8DA2-601A88C6F031}.Debug|Any CPU.ActiveCfg = Debug|Any CPU
		{1FD1291F-DACA-478A-8DA2-601A88C6F031}.Debug|Any CPU.Build.0 = Debug|Any CPU
		{1FD1291F-DACA-478A-8DA2-601A88C6F031}.Release|Any CPU.ActiveCfg = Release|Any CPU
		{1FD1291F-DACA-478A-8DA2-601A88C6F031}.Release|Any CPU.Build.0 = Release|Any CPU
		{03CB0E87-BC9B-4198-BF11-B4EE8C537B67}.Debug|Any CPU.ActiveCfg = Debug|Any CPU
		{03CB0E87-BC9B-4198-BF11-B4EE8C537B67}.Debug|Any CPU.Build.0 = Debug|Any CPU
		{03CB0E87-BC9B-4198-BF11-B4EE8C537B67}.Release|Any CPU.ActiveCfg = Release|Any CPU
		{03CB0E87-BC9B-4198-BF11-B4EE8C537B67}.Release|Any CPU.Build.0 = Release|Any CPU
		{715CEC37-D51A-4C16-ABB8-282754A28D8F}.Debug|Any CPU.ActiveCfg = Debug|Any CPU
		{715CEC37-D51A-4C16-ABB8-282754A28D8F}.Debug|Any CPU.Build.0 = Debug|Any CPU
		{715CEC37-D51A-4C16-ABB8-282754A28D8F}.Release|Any CPU.ActiveCfg = Release|Any CPU
		{715CEC37-D51A-4C16-ABB8-282754A28D8F}.Release|Any CPU.Build.0 = Release|Any CPU
		{5CF5FF8F-467E-4481-9ADD-4EFB4A084386}.Debug|Any CPU.ActiveCfg = Debug|Any CPU
		{5CF5FF8F-467E-4481-9ADD-4EFB4A084386}.Debug|Any CPU.Build.0 = Debug|Any CPU
		{5CF5FF8F-467E-4481-9ADD-4EFB4A084386}.Release|Any CPU.ActiveCfg = Release|Any CPU
		{5CF5FF8F-467E-4481-9ADD-4EFB4A084386}.Release|Any CPU.Build.0 = Release|Any CPU
		{B432C28E-0964-4452-9998-1BA80A683363}.Debug|Any CPU.ActiveCfg = Debug|Any CPU
		{B432C28E-0964-4452-9998-1BA80A683363}.Debug|Any CPU.Build.0 = Debug|Any CPU
		{B432C28E-0964-4452-9998-1BA80A683363}.Release|Any CPU.ActiveCfg = Release|Any CPU
		{B432C28E-0964-4452-9998-1BA80A683363}.Release|Any CPU.Build.0 = Release|Any CPU
		{C136E150-4ACE-4B74-99F1-936C1D577852}.Debug|Any CPU.ActiveCfg = Debug|Any CPU
		{C136E150-4ACE-4B74-99F1-936C1D577852}.Debug|Any CPU.Build.0 = Debug|Any CPU
		{C136E150-4ACE-4B74-99F1-936C1D577852}.Release|Any CPU.ActiveCfg = Release|Any CPU
		{C136E150-4ACE-4B74-99F1-936C1D577852}.Release|Any CPU.Build.0 = Release|Any CPU
		{D311AF58-02C6-49CF-B8CE-0DA12D4310B6}.Debug|Any CPU.ActiveCfg = Debug|Any CPU
		{D311AF58-02C6-49CF-B8CE-0DA12D4310B6}.Debug|Any CPU.Build.0 = Debug|Any CPU
		{D311AF58-02C6-49CF-B8CE-0DA12D4310B6}.Release|Any CPU.ActiveCfg = Release|Any CPU
		{D311AF58-02C6-49CF-B8CE-0DA12D4310B6}.Release|Any CPU.Build.0 = Release|Any CPU
	EndGlobalSection
	GlobalSection(SolutionProperties) = preSolution
		HideSolutionNode = FALSE
	EndGlobalSection
	GlobalSection(ExtensibilityGlobals) = postSolution
		SolutionGuid = {87FEFA92-4C81-4B49-9E3D-2EEF15342DE6}
	EndGlobalSection
EndGlobal
